
Microsoft Visual Studio Solution File, Format Version 12.00
# Visual Studio Version 17
VisualStudioVersion = 17.5.33402.96
MinimumVisualStudioVersion = 10.0.40219.1
Project("{FAE04EC0-301F-11D3-BF4B-00C04F79EFBC}") = "aspx", "FalconReportingweb\aspx.csproj", "{9531783C-037F-4481-AADD-48C4DF75BD0D}"
EndProject
Global
	GlobalSection(SolutionConfigurationPlatforms) = preSolution
		Debug|Any CPU = Debug|Any CPU
		Release|Any CPU = Release|Any CPU
	EndGlobalSection
	GlobalSection(ProjectConfigurationPlatforms) = postSolution
		{9531783C-037F-4481-AADD-48C4DF75BD0D}.Debug|Any CPU.ActiveCfg = Debug|Any CPU
		{9531783C-037F-4481-AADD-48C4DF75BD0D}.Debug|Any CPU.Build.0 = Debug|Any CPU
		{9531783C-037F-4481-AADD-48C4DF75BD0D}.Release|Any CPU.ActiveCfg = Release|Any CPU
		{9531783C-037F-4481-AADD-48C4DF75BD0D}.Release|Any CPU.Build.0 = Release|Any CPU
	EndGlobalSection
	GlobalSection(SolutionProperties) = preSolution
		HideSolutionNode = FALSE
	EndGlobalSection
	GlobalSection(ExtensibilityGlobals) = postSolution
		SolutionGuid = {620303A3-6466-4548-8E6F-0455AC4D0C36}
	EndGlobalSection
EndGlobal
